
Microsoft Visual Studio Solution File, Format Version 12.00
# Visual Studio 14
VisualStudioVersion = 14.0.23107.0
MinimumVisualStudioVersion = 10.0.40219.1
Project("{FAE04EC0-301F-11D3-BF4B-00C04F79EFBC}") = "MetaProgramingTest", "MetaProgramingTest\MetaProgramingTest.csproj", "{00FD65FD-4CD0-4156-9AE5-96A3B83D5625}"
EndProject
Project("{FAE04EC0-301F-11D3-BF4B-00C04F79EFBC}") = "Ns.Common", "Ns.Common\Ns.Common.csproj", "{87848F01-6B78-4D74-84E6-EC9D3A6FFB15}"
EndProject
Global
	GlobalSection(SolutionConfigurationPlatforms) = preSolution
		Debug|Any CPU = Debug|Any CPU
		Release|Any CPU = Release|Any CPU
	EndGlobalSection
	GlobalSection(ProjectConfigurationPlatforms) = postSolution
		{00FD65FD-4CD0-4156-9AE5-96A3B83D5625}.Debug|Any CPU.ActiveCfg = Debug|Any CPU
		{00FD65FD-4CD0-4156-9AE5-96A3B83D5625}.Debug|Any CPU.Build.0 = Debug|Any CPU
		{00FD65FD-4CD0-4156-9AE5-96A3B83D5625}.Release|Any CPU.ActiveCfg = Release|Any CPU
		{00FD65FD-4CD0-4156-9AE5-96A3B83D5625}.Release|Any CPU.Build.0 = Release|Any CPU
		{87848F01-6B78-4D74-84E6-EC9D3A6FFB15}.Debug|Any CPU.ActiveCfg = Debug|Any CPU
		{87848F01-6B78-4D74-84E6-EC9D3A6FFB15}.Debug|Any CPU.Build.0 = Debug|Any CPU
		{87848F01-6B78-4D74-84E6-EC9D3A6FFB15}.Release|Any CPU.ActiveCfg = Release|Any CPU
		{87848F01-6B78-4D74-84E6-EC9D3A6FFB15}.Release|Any CPU.Build.0 = Release|Any CPU
	EndGlobalSection
	GlobalSection(SolutionProperties) = preSolution
		HideSolutionNode = FALSE
	EndGlobalSection
EndGlobal
